
Microsoft Visual Studio Solution File, Format Version 12.00
Project("{2150E333-8FDC-42A3-9474-1A3956D46DE8}") = "src", "src", "{58F4ADC5-B2B4-4196-842C-6E7CA438434E}"
EndProject
Project("{2150E333-8FDC-42A3-9474-1A3956D46DE8}") = "test", "test", "{597A95BA-B0C5-45DC-8A8C-D66736F2C538}"
EndProject
Project("{2150E333-8FDC-42A3-9474-1A3956D46DE8}") = "Core", "Core", "{9E1F1794-D8FC-49D5-9263-0C20B3E27DBA}"
EndProject
Project("{2150E333-8FDC-42A3-9474-1A3956D46DE8}") = "Infrastructure", "Infrastructure", "{A4834F5E-4AFD-4491-95B6-F11C42230DF9}"
EndProject
Project("{FAE04EC0-301F-11D3-BF4B-00C04F79EFBC}") = "CleanArchitecture.Application", "CleanArchitecture.Application\CleanArchitecture.Application.csproj", "{D53BEEF0-0C12-4B81-98D6-FF624B85CF50}"
EndProject
Project("{FAE04EC0-301F-11D3-BF4B-00C04F79EFBC}") = "CleanArchitecture.Domain", "CleanArchitecture.Domain\CleanArchitecture.Domain.csproj", "{92526DAA-16AA-47FF-A594-433BF2F88282}"
EndProject
Project("{FAE04EC0-301F-11D3-BF4B-00C04F79EFBC}") = "CleanArchitecture.Persistence", "CleanArchitecture.Persistence\CleanArchitecture.Persistence.csproj", "{4722D992-6A5C-4A05-B237-429B8D5890FD}"
EndProject
Project("{2150E333-8FDC-42A3-9474-1A3956D46DE8}") = "Presentation", "Presentation", "{29B9C2D2-0285-4B13-9120-3EE5362763B6}"
EndProject
Project("{FAE04EC0-301F-11D3-BF4B-00C04F79EFBC}") = "CleanArchitecture.API", "CleanArchitecture.API\CleanArchitecture.API.csproj", "{B1C9CC53-3FC2-4B28-97C7-14C597FADBC4}"
EndProject
Project("{FAE04EC0-301F-11D3-BF4B-00C04F79EFBC}") = "CleanArchitecture.Caching", "CleanArchitecture.Caching\CleanArchitecture.Caching.csproj", "{4D38B8B5-FA46-486C-BA65-9BF289F07BFA}"
EndProject
Global
	GlobalSection(SolutionConfigurationPlatforms) = preSolution
		Debug|Any CPU = Debug|Any CPU
		Release|Any CPU = Release|Any CPU
	EndGlobalSection
	GlobalSection(NestedProjects) = preSolution
		{9E1F1794-D8FC-49D5-9263-0C20B3E27DBA} = {58F4ADC5-B2B4-4196-842C-6E7CA438434E}
		{A4834F5E-4AFD-4491-95B6-F11C42230DF9} = {58F4ADC5-B2B4-4196-842C-6E7CA438434E}
		{D53BEEF0-0C12-4B81-98D6-FF624B85CF50} = {9E1F1794-D8FC-49D5-9263-0C20B3E27DBA}
		{92526DAA-16AA-47FF-A594-433BF2F88282} = {9E1F1794-D8FC-49D5-9263-0C20B3E27DBA}
		{4722D992-6A5C-4A05-B237-429B8D5890FD} = {A4834F5E-4AFD-4491-95B6-F11C42230DF9}
		{29B9C2D2-0285-4B13-9120-3EE5362763B6} = {58F4ADC5-B2B4-4196-842C-6E7CA438434E}
		{B1C9CC53-3FC2-4B28-97C7-14C597FADBC4} = {29B9C2D2-0285-4B13-9120-3EE5362763B6}
		{4D38B8B5-FA46-486C-BA65-9BF289F07BFA} = {A4834F5E-4AFD-4491-95B6-F11C42230DF9}
	EndGlobalSection
	GlobalSection(ProjectConfigurationPlatforms) = postSolution
		{D53BEEF0-0C12-4B81-98D6-FF624B85CF50}.Debug|Any CPU.ActiveCfg = Debug|Any CPU
		{D53BEEF0-0C12-4B81-98D6-FF624B85CF50}.Debug|Any CPU.Build.0 = Debug|Any CPU
		{D53BEEF0-0C12-4B81-98D6-FF624B85CF50}.Release|Any CPU.ActiveCfg = Release|Any CPU
		{D53BEEF0-0C12-4B81-98D6-FF624B85CF50}.Release|Any CPU.Build.0 = Release|Any CPU
		{92526DAA-16AA-47FF-A594-433BF2F88282}.Debug|Any CPU.ActiveCfg = Debug|Any CPU
		{92526DAA-16AA-47FF-A594-433BF2F88282}.Debug|Any CPU.Build.0 = Debug|Any CPU
		{92526DAA-16AA-47FF-A594-433BF2F88282}.Release|Any CPU.ActiveCfg = Release|Any CPU
		{92526DAA-16AA-47FF-A594-433BF2F88282}.Release|Any CPU.Build.0 = Release|Any CPU
		{4722D992-6A5C-4A05-B237-429B8D5890FD}.Debug|Any CPU.ActiveCfg = Debug|Any CPU
		{4722D992-6A5C-4A05-B237-429B8D5890FD}.Debug|Any CPU.Build.0 = Debug|Any CPU
		{4722D992-6A5C-4A05-B237-429B8D5890FD}.Release|Any CPU.ActiveCfg = Release|Any CPU
		{4722D992-6A5C-4A05-B237-429B8D5890FD}.Release|Any CPU.Build.0 = Release|Any CPU
		{B1C9CC53-3FC2-4B28-97C7-14C597FADBC4}.Debug|Any CPU.ActiveCfg = Debug|Any CPU
		{B1C9CC53-3FC2-4B28-97C7-14C597FADBC4}.Debug|Any CPU.Build.0 = Debug|Any CPU
		{B1C9CC53-3FC2-4B28-97C7-14C597FADBC4}.Release|Any CPU.ActiveCfg = Release|Any CPU
		{B1C9CC53-3FC2-4B28-97C7-14C597FADBC4}.Release|Any CPU.Build.0 = Release|Any CPU
		{4D38B8B5-FA46-486C-BA65-9BF289F07BFA}.Debug|Any CPU.ActiveCfg = Debug|Any CPU
		{4D38B8B5-FA46-486C-BA65-9BF289F07BFA}.Debug|Any CPU.Build.0 = Debug|Any CPU
		{4D38B8B5-FA46-486C-BA65-9BF289F07BFA}.Release|Any CPU.ActiveCfg = Release|Any CPU
		{4D38B8B5-FA46-486C-BA65-9BF289F07BFA}.Release|Any CPU.Build.0 = Release|Any CPU
	EndGlobalSection
EndGlobal
